
Microsoft Visual Studio Solution File, Format Version 11.00
# Visual Studio 2010
# SharpDevelop 5.1
Project("{FAE04EC0-301F-11D3-BF4B-00C04F79EFBC}") = "Learn1.4#1", "Learn1.4#1\Learn1.4#1.csproj", "{A8ECC7C4-74A2-403D-A1AE-912FEE13835A}"
EndProject
Global
	GlobalSection(SolutionConfigurationPlatforms) = preSolution
		Debug|Any CPU = Debug|Any CPU
		Release|Any CPU = Release|Any CPU
	EndGlobalSection
	GlobalSection(ProjectConfigurationPlatforms) = postSolution
		{A8ECC7C4-74A2-403D-A1AE-912FEE13835A}.Debug|Any CPU.ActiveCfg = Debug|Any CPU
		{A8ECC7C4-74A2-403D-A1AE-912FEE13835A}.Debug|Any CPU.Build.0 = Debug|Any CPU
		{A8ECC7C4-74A2-403D-A1AE-912FEE13835A}.Release|Any CPU.ActiveCfg = Release|Any CPU
		{A8ECC7C4-74A2-403D-A1AE-912FEE13835A}.Release|Any CPU.Build.0 = Release|Any CPU
	EndGlobalSection
EndGlobal
